
Microsoft Visual Studio Solution File, Format Version 12.00
# Visual Studio Version 17
VisualStudioVersion = 17.5.33516.290
MinimumVisualStudioVersion = 10.0.40219.1
Project("{FAE04EC0-301F-11D3-BF4B-00C04F79EFBC}") = "HKCRSystem.API", "HKCRSystem.API\HKCRSystem.API.csproj", "{98463240-C840-4701-97CA-6731889D3C6F}"
EndProject
Project("{FAE04EC0-301F-11D3-BF4B-00C04F79EFBC}") = "HKCRSystem.Domain", "HKCRSystem.Domain\HKCRSystem.Domain.csproj", "{AC3F8C9E-275A-46CF-9821-588829030DA0}"
EndProject
Project("{FAE04EC0-301F-11D3-BF4B-00C04F79EFBC}") = "HKCRSystem.Infrastructure", "HKCRSystem.Infrastructure\HKCRSystem.Infrastructure.csproj", "{54E2C550-DF45-4C24-9B00-4C2D53DF1BE2}"
EndProject
Project("{FAE04EC0-301F-11D3-BF4B-00C04F79EFBC}") = "HKCRSystem.Application", "HKCRSystem.Application\HKCRSystem.Application.csproj", "{9B0B4135-2FFF-4EAF-8FC8-E9D66AB3E744}"
EndProject
Project("{2150E333-8FDC-42A3-9474-1A3956D46DE8}") = "Solution Items", "Solution Items", "{A219DFB2-CC97-4B8E-8D3C-F2F0D27EF72A}"
	ProjectSection(SolutionItems) = preProject
		.gitignore = .gitignore
	EndProjectSection
EndProject
Project("{FAE04EC0-301F-11D3-BF4B-00C04F79EFBC}") = "HKCRSystem.Blazor", "HKCRSystem.Blazor\HKCRSystem.Blazor.csproj", "{AD64D4F4-191D-4918-B2BE-CA2053C2242E}"
EndProject
Global
	GlobalSection(SolutionConfigurationPlatforms) = preSolution
		Debug|Any CPU = Debug|Any CPU
		Release|Any CPU = Release|Any CPU
	EndGlobalSection
	GlobalSection(ProjectConfigurationPlatforms) = postSolution
		{98463240-C840-4701-97CA-6731889D3C6F}.Debug|Any CPU.ActiveCfg = Debug|Any CPU
		{98463240-C840-4701-97CA-6731889D3C6F}.Debug|Any CPU.Build.0 = Debug|Any CPU
		{98463240-C840-4701-97CA-6731889D3C6F}.Release|Any CPU.ActiveCfg = Release|Any CPU
		{98463240-C840-4701-97CA-6731889D3C6F}.Release|Any CPU.Build.0 = Release|Any CPU
		{AC3F8C9E-275A-46CF-9821-588829030DA0}.Debug|Any CPU.ActiveCfg = Debug|Any CPU
		{AC3F8C9E-275A-46CF-9821-588829030DA0}.Debug|Any CPU.Build.0 = Debug|Any CPU
		{AC3F8C9E-275A-46CF-9821-588829030DA0}.Release|Any CPU.ActiveCfg = Release|Any CPU
		{AC3F8C9E-275A-46CF-9821-588829030DA0}.Release|Any CPU.Build.0 = Release|Any CPU
		{54E2C550-DF45-4C24-9B00-4C2D53DF1BE2}.Debug|Any CPU.ActiveCfg = Debug|Any CPU
		{54E2C550-DF45-4C24-9B00-4C2D53DF1BE2}.Debug|Any CPU.Build.0 = Debug|Any CPU
		{54E2C550-DF45-4C24-9B00-4C2D53DF1BE2}.Release|Any CPU.ActiveCfg = Release|Any CPU
		{54E2C550-DF45-4C24-9B00-4C2D53DF1BE2}.Release|Any CPU.Build.0 = Release|Any CPU
		{9B0B4135-2FFF-4EAF-8FC8-E9D66AB3E744}.Debug|Any CPU.ActiveCfg = Debug|Any CPU
		{9B0B4135-2FFF-4EAF-8FC8-E9D66AB3E744}.Debug|Any CPU.Build.0 = Debug|Any CPU
		{9B0B4135-2FFF-4EAF-8FC8-E9D66AB3E744}.Release|Any CPU.ActiveCfg = Release|Any CPU
		{9B0B4135-2FFF-4EAF-8FC8-E9D66AB3E744}.Release|Any CPU.Build.0 = Release|Any CPU
		{AD64D4F4-191D-4918-B2BE-CA2053C2242E}.Debug|Any CPU.ActiveCfg = Debug|Any CPU
		{AD64D4F4-191D-4918-B2BE-CA2053C2242E}.Debug|Any CPU.Build.0 = Debug|Any CPU
		{AD64D4F4-191D-4918-B2BE-CA2053C2242E}.Release|Any CPU.ActiveCfg = Release|Any CPU
		{AD64D4F4-191D-4918-B2BE-CA2053C2242E}.Release|Any CPU.Build.0 = Release|Any CPU
	EndGlobalSection
	GlobalSection(SolutionProperties) = preSolution
		HideSolutionNode = FALSE
	EndGlobalSection
	GlobalSection(ExtensibilityGlobals) = postSolution
		SolutionGuid = {42548C74-B37B-4ECF-B533-C8E97330E8AF}
	EndGlobalSection
EndGlobal
